
Microsoft Visual Studio Solution File, Format Version 12.00
# Visual Studio Version 17
VisualStudioVersion = 17.10.34928.147
MinimumVisualStudioVersion = 10.0.40219.1
Project("{888888A0-9F3D-457C-B088-3A5042F75D52}") = "FLFramework(032625)", "FLFramework(032625)\FLFramework(032625).pyproj", "{D249BCB8-7552-4DC3-9851-A72EF54244A1}"
EndProject
Global
	GlobalSection(SolutionConfigurationPlatforms) = preSolution
		Debug|Any CPU = Debug|Any CPU
		Release|Any CPU = Release|Any CPU
	EndGlobalSection
	GlobalSection(ProjectConfigurationPlatforms) = postSolution
		{D249BCB8-7552-4DC3-9851-A72EF54244A1}.Debug|Any CPU.ActiveCfg = Debug|Any CPU
		{D249BCB8-7552-4DC3-9851-A72EF54244A1}.Release|Any CPU.ActiveCfg = Release|Any CPU
	EndGlobalSection
	GlobalSection(SolutionProperties) = preSolution
		HideSolutionNode = FALSE
	EndGlobalSection
	GlobalSection(ExtensibilityGlobals) = postSolution
		SolutionGuid = {890635D9-C00F-45C6-88D0-F16B6A9AA8C6}
	EndGlobalSection
EndGlobal
